// !$*UTF8*$!
{
	archiveVersion = 1;
	classes = {
	};
	objectVersion = 55;
	objects = {

/* Begin PBXBuildFile section */
		BD753DDA289B425800ED7719 /* TopViewModel.swift in Sources */ = {isa = PBXBuildFile; fileRef = BD753DD9289B425800ED7719 /* TopViewModel.swift */; };
		BD7F6B322897C2E00074D9E4 /* SpotifyPlaylistApp.swift in Sources */ = {isa = PBXBuildFile; fileRef = BD7F6B312897C2E00074D9E4 /* SpotifyPlaylistApp.swift */; };
		BD7F6B342897C2E00074D9E4 /* ContentView.swift in Sources */ = {isa = PBXBuildFile; fileRef = BD7F6B332897C2E00074D9E4 /* ContentView.swift */; };
		BD7F6B362897C2E10074D9E4 /* Assets.xcassets in Resources */ = {isa = PBXBuildFile; fileRef = BD7F6B352897C2E10074D9E4 /* Assets.xcassets */; };
		BD7F6B392897C2E10074D9E4 /* Preview Assets.xcassets in Resources */ = {isa = PBXBuildFile; fileRef = BD7F6B382897C2E10074D9E4 /* Preview Assets.xcassets */; };
		BD7F6B402897C42D0074D9E4 /* PlaylistReader.swift in Sources */ = {isa = PBXBuildFile; fileRef = BD7F6B3F2897C42D0074D9E4 /* PlaylistReader.swift */; };
		BD7F6B422897C47A0074D9E4 /* PlaylistModel.swift in Sources */ = {isa = PBXBuildFile; fileRef = BD7F6B412897C47A0074D9E4 /* PlaylistModel.swift */; };
		BD7F6B462897C73C0074D9E4 /* mint.json in Resources */ = {isa = PBXBuildFile; fileRef = BD7F6B452897C73C0074D9E4 /* mint.json */; };
		BD7F6B4B289856C50074D9E4 /* ContentViewModel.swift in Sources */ = {isa = PBXBuildFile; fileRef = BD7F6B4A289856C50074D9E4 /* ContentViewModel.swift */; };
		BD7F6B4F2898EEC30074D9E4 /* TrackView.swift in Sources */ = {isa = PBXBuildFile; fileRef = BD7F6B4E2898EEC30074D9E4 /* TrackView.swift */; };
		BD7F6B512898F3D90074D9E4 /* AppColors.swift in Sources */ = {isa = PBXBuildFile; fileRef = BD7F6B502898F3D90074D9E4 /* AppColors.swift */; };
		BD84ACA52899AE30004AD811 /* KimBops.json in Resources */ = {isa = PBXBuildFile; fileRef = BD84ACA42899AE30004AD811 /* KimBops.json */; };
		BD84ACA72899B08E004AD811 /* BlurredBackground.swift in Sources */ = {isa = PBXBuildFile; fileRef = BD84ACA62899B08E004AD811 /* BlurredBackground.swift */; };
		BD84ACA92899E22E004AD811 /* TrackOptionsView.swift in Sources */ = {isa = PBXBuildFile; fileRef = BD84ACA82899E22E004AD811 /* TrackOptionsView.swift */; };
		BD84ACAB2899E313004AD811 /* TrackViewModel.swift in Sources */ = {isa = PBXBuildFile; fileRef = BD84ACAA2899E313004AD811 /* TrackViewModel.swift */; };
		BD84ACAE289A45AD004AD811 /* ImageColor.swift in Sources */ = {isa = PBXBuildFile; fileRef = BD84ACAD289A45AD004AD811 /* ImageColor.swift */; };
		BD84ACB0289A617C004AD811 /* TrackOptionButton.swift in Sources */ = {isa = PBXBuildFile; fileRef = BD84ACAF289A617C004AD811 /* TrackOptionButton.swift */; };
		BD84ACB2289A6869004AD811 /* VibrantColorsModel.swift in Sources */ = {isa = PBXBuildFile; fileRef = BD84ACB1289A6869004AD811 /* VibrantColorsModel.swift */; };
		BD84ACB4289A7241004AD811 /* TopView.swift in Sources */ = {isa = PBXBuildFile; fileRef = BD84ACB3289A7241004AD811 /* TopView.swift */; };
/* End PBXBuildFile section */

/* Begin PBXFileReference section */
		BD753DD9289B425800ED7719 /* TopViewModel.swift */ = {isa = PBXFileReference; lastKnownFileType = sourcecode.swift; path = TopViewModel.swift; sourceTree = "<group>"; };
		BD7F6B2E2897C2E00074D9E4 /* SpotifyPlaylist.app */ = {isa = PBXFileReference; explicitFileType = wrapper.application; includeInIndex = 0; path = SpotifyPlaylist.app; sourceTree = BUILT_PRODUCTS_DIR; };
		BD7F6B312897C2E00074D9E4 /* SpotifyPlaylistApp.swift */ = {isa = PBXFileReference; lastKnownFileType = sourcecode.swift; path = SpotifyPlaylistApp.swift; sourceTree = "<group>"; };
		BD7F6B332897C2E00074D9E4 /* ContentView.swift */ = {isa = PBXFileReference; lastKnownFileType = sourcecode.swift; path = ContentView.swift; sourceTree = "<group>"; };
		BD7F6B352897C2E10074D9E4 /* Assets.xcassets */ = {isa = PBXFileReference; lastKnownFileType = folder.assetcatalog; path = Assets.xcassets; sourceTree = "<group>"; };
		BD7F6B382897C2E10074D9E4 /* Preview Assets.xcassets */ = {isa = PBXFileReference; lastKnownFileType = folder.assetcatalog; path = "Preview Assets.xcassets"; sourceTree = "<group>"; };
		BD7F6B3F2897C42D0074D9E4 /* PlaylistReader.swift */ = {isa = PBXFileReference; lastKnownFileType = sourcecode.swift; path = PlaylistReader.swift; sourceTree = "<group>"; };
		BD7F6B412897C47A0074D9E4 /* PlaylistModel.swift */ = {isa = PBXFileReference; lastKnownFileType = sourcecode.swift; path = PlaylistModel.swift; sourceTree = "<group>"; };
		BD7F6B452897C73C0074D9E4 /* mint.json */ = {isa = PBXFileReference; fileEncoding = 4; lastKnownFileType = text.json; path = mint.json; sourceTree = "<group>"; };
		BD7F6B4A289856C50074D9E4 /* ContentViewModel.swift */ = {isa = PBXFileReference; lastKnownFileType = sourcecode.swift; path = ContentViewModel.swift; sourceTree = "<group>"; };
		BD7F6B4E2898EEC30074D9E4 /* TrackView.swift */ = {isa = PBXFileReference; lastKnownFileType = sourcecode.swift; path = TrackView.swift; sourceTree = "<group>"; };
		BD7F6B502898F3D90074D9E4 /* AppColors.swift */ = {isa = PBXFileReference; lastKnownFileType = sourcecode.swift; path = AppColors.swift; sourceTree = "<group>"; };
		BD84ACA42899AE30004AD811 /* KimBops.json */ = {isa = PBXFileReference; fileEncoding = 4; lastKnownFileType = text.json; path = KimBops.json; sourceTree = "<group>"; };
		BD84ACA62899B08E004AD811 /* BlurredBackground.swift */ = {isa = PBXFileReference; lastKnownFileType = sourcecode.swift; path = BlurredBackground.swift; sourceTree = "<group>"; };
		BD84ACA82899E22E004AD811 /* TrackOptionsView.swift */ = {isa = PBXFileReference; lastKnownFileType = sourcecode.swift; path = TrackOptionsView.swift; sourceTree = "<group>"; };
		BD84ACAA2899E313004AD811 /* TrackViewModel.swift */ = {isa = PBXFileReference; lastKnownFileType = sourcecode.swift; path = TrackViewModel.swift; sourceTree = "<group>"; };
		BD84ACAD289A45AD004AD811 /* ImageColor.swift */ = {isa = PBXFileReference; lastKnownFileType = sourcecode.swift; path = ImageColor.swift; sourceTree = "<group>"; };
		BD84ACAF289A617C004AD811 /* TrackOptionButton.swift */ = {isa = PBXFileReference; lastKnownFileType = sourcecode.swift; path = TrackOptionButton.swift; sourceTree = "<group>"; };
		BD84ACB1289A6869004AD811 /* VibrantColorsModel.swift */ = {isa = PBXFileReference; lastKnownFileType = sourcecode.swift; path = VibrantColorsModel.swift; sourceTree = "<group>"; };
		BD84ACB3289A7241004AD811 /* TopView.swift */ = {isa = PBXFileReference; lastKnownFileType = sourcecode.swift; path = TopView.swift; sourceTree = "<group>"; };
/* End PBXFileReference section */

/* Begin PBXFrameworksBuildPhase section */
		BD7F6B2B2897C2E00074D9E4 /* Frameworks */ = {
			isa = PBXFrameworksBuildPhase;
			buildActionMask = 2147483647;
			files = (
			);
			runOnlyForDeploymentPostprocessing = 0;
		};
/* End PBXFrameworksBuildPhase section */

/* Begin PBXGroup section */
		BD7F6B252897C2E00074D9E4 = {
			isa = PBXGroup;
			children = (
				BD7F6B302897C2E00074D9E4 /* SpotifyPlaylist */,
				BD7F6B2F2897C2E00074D9E4 /* Products */,
			);
			sourceTree = "<group>";
		};
		BD7F6B2F2897C2E00074D9E4 /* Products */ = {
			isa = PBXGroup;
			children = (
				BD7F6B2E2897C2E00074D9E4 /* SpotifyPlaylist.app */,
			);
			name = Products;
			sourceTree = "<group>";
		};
		BD7F6B302897C2E00074D9E4 /* SpotifyPlaylist */ = {
			isa = PBXGroup;
			children = (
				BD84ACAC289A458F004AD811 /* Services */,
				BD7F6B49289855540074D9E4 /* Models */,
				BD7F6B312897C2E00074D9E4 /* SpotifyPlaylistApp.swift */,
				BD7F6B332897C2E00074D9E4 /* ContentView.swift */,
				BD7F6B4A289856C50074D9E4 /* ContentViewModel.swift */,
				BD7F6B352897C2E10074D9E4 /* Assets.xcassets */,
				BD7F6B372897C2E10074D9E4 /* Preview Content */,
				BD7F6B3F2897C42D0074D9E4 /* PlaylistReader.swift */,
				BD84ACA42899AE30004AD811 /* KimBops.json */,
				BD7F6B452897C73C0074D9E4 /* mint.json */,
				BD7F6B4E2898EEC30074D9E4 /* TrackView.swift */,
				BD753DD9289B425800ED7719 /* TopViewModel.swift */,
				BD84ACB3289A7241004AD811 /* TopView.swift */,
				BD84ACAA2899E313004AD811 /* TrackViewModel.swift */,
				BD84ACA82899E22E004AD811 /* TrackOptionsView.swift */,
				BD84ACAF289A617C004AD811 /* TrackOptionButton.swift */,
				BD7F6B502898F3D90074D9E4 /* AppColors.swift */,
				BD84ACA62899B08E004AD811 /* BlurredBackground.swift */,
			);
			path = SpotifyPlaylist;
			sourceTree = "<group>";
		};
		BD7F6B372897C2E10074D9E4 /* Preview Content */ = {
			isa = PBXGroup;
			children = (
				BD7F6B382897C2E10074D9E4 /* Preview Assets.xcassets */,
			);
			path = "Preview Content";
			sourceTree = "<group>";
		};
		BD7F6B49289855540074D9E4 /* Models */ = {
			isa = PBXGroup;
			children = (
				BD7F6B412897C47A0074D9E4 /* PlaylistModel.swift */,
				BD84ACB1289A6869004AD811 /* VibrantColorsModel.swift */,
			);
			path = Models;
			sourceTree = "<group>";
		};
		BD84ACAC289A458F004AD811 /* Services */ = {
			isa = PBXGroup;
			children = (
				BD84ACAD289A45AD004AD811 /* ImageColor.swift */,
			);
			path = Services;
			sourceTree = "<group>";
		};
/* End PBXGroup section */

/* Begin PBXNativeTarget section */
		BD7F6B2D2897C2E00074D9E4 /* SpotifyPlaylist */ = {
			isa = PBXNativeTarget;
			buildConfigurationList = BD7F6B3C2897C2E10074D9E4 /* Build configuration list for PBXNativeTarget "SpotifyPlaylist" */;
			buildPhases = (
				BD7F6B2A2897C2E00074D9E4 /* Sources */,
				BD7F6B2B2897C2E00074D9E4 /* Frameworks */,
				BD7F6B2C2897C2E00074D9E4 /* Resources */,
			);
			buildRules = (
			);
			dependencies = (
			);
			name = SpotifyPlaylist;
			productName = SpotifyPlaylist;
			productReference = BD7F6B2E2897C2E00074D9E4 /* SpotifyPlaylist.app */;
			productType = "com.apple.product-type.application";
		};
/* End PBXNativeTarget section */

/* Begin PBXProject section */
		BD7F6B262897C2E00074D9E4 /* Project object */ = {
			isa = PBXProject;
			attributes = {
				BuildIndependentTargetsInParallel = 1;
				LastSwiftUpdateCheck = 1340;
				LastUpgradeCheck = 1340;
				TargetAttributes = {
					BD7F6B2D2897C2E00074D9E4 = {
						CreatedOnToolsVersion = 13.4.1;
					};
				};
			};
			buildConfigurationList = BD7F6B292897C2E00074D9E4 /* Build configuration list for PBXProject "SpotifyPlaylist" */;
			compatibilityVersion = "Xcode 13.0";
			developmentRegion = en;
			hasScannedForEncodings = 0;
			knownRegions = (
				en,
				Base,
			);
			mainGroup = BD7F6B252897C2E00074D9E4;
			productRefGroup = BD7F6B2F2897C2E00074D9E4 /* Products */;
			projectDirPath = "";
			projectRoot = "";
			targets = (
				BD7F6B2D2897C2E00074D9E4 /* SpotifyPlaylist */,
			);
		};
/* End PBXProject section */

/* Begin PBXResourcesBuildPhase section */
		BD7F6B2C2897C2E00074D9E4 /* Resources */ = {
			isa = PBXResourcesBuildPhase;
			buildActionMask = 2147483647;
			files = (
				BD7F6B392897C2E10074D9E4 /* Preview Assets.xcassets in Resources */,
				BD84ACA52899AE30004AD811 /* KimBops.json in Resources */,
				BD7F6B362897C2E10074D9E4 /* Assets.xcassets in Resources */,
				BD7F6B462897C73C0074D9E4 /* mint.json in Resources */,
			);
			runOnlyForDeploymentPostprocessing = 0;
		};
/* End PBXResourcesBuildPhase section */

/* Begin PBXSourcesBuildPhase section */
		BD7F6B2A2897C2E00074D9E4 /* Sources */ = {
			isa = PBXSourcesBuildPhase;
			buildActionMask = 2147483647;
			files = (
				BD84ACB4289A7241004AD811 /* TopView.swift in Sources */,
				BD7F6B342897C2E00074D9E4 /* ContentView.swift in Sources */,
				BD84ACA92899E22E004AD811 /* TrackOptionsView.swift in Sources */,
				BD7F6B402897C42D0074D9E4 /* PlaylistReader.swift in Sources */,
				BD84ACAE289A45AD004AD811 /* ImageColor.swift in Sources */,
				BD84ACA72899B08E004AD811 /* BlurredBackground.swift in Sources */,
				BD7F6B322897C2E00074D9E4 /* SpotifyPlaylistApp.swift in Sources */,
				BD753DDA289B425800ED7719 /* TopViewModel.swift in Sources */,
				BD7F6B422897C47A0074D9E4 /* PlaylistModel.swift in Sources */,
				BD84ACAB2899E313004AD811 /* TrackViewModel.swift in Sources */,
				BD84ACB0289A617C004AD811 /* TrackOptionButton.swift in Sources */,
				BD7F6B512898F3D90074D9E4 /* AppColors.swift in Sources */,
				BD7F6B4F2898EEC30074D9E4 /* TrackView.swift in Sources */,
				BD84ACB2289A6869004AD811 /* VibrantColorsModel.swift in Sources */,
				BD7F6B4B289856C50074D9E4 /* ContentViewModel.swift in Sources */,
			);
			runOnlyForDeploymentPostprocessing = 0;
		};
/* End PBXSourcesBuildPhase section */

/* Begin XCBuildConfiguration section */
		BD7F6B3A2897C2E10074D9E4 /* Debug */ = {
			isa = XCBuildConfiguration;
			buildSettings = {
				ALWAYS_SEARCH_USER_PATHS = NO;
				CLANG_ANALYZER_NONNULL = YES;
				CLANG_ANALYZER_NUMBER_OBJECT_CONVERSION = YES_AGGRESSIVE;
				CLANG_CXX_LANGUAGE_STANDARD = "gnu++17";
				CLANG_ENABLE_MODULES = YES;
				CLANG_ENABLE_OBJC_ARC = YES;
				CLANG_ENABLE_OBJC_WEAK = YES;
				CLANG_WARN_BLOCK_CAPTURE_AUTORELEASING = YES;
				CLANG_WARN_BOOL_CONVERSION = YES;
				CLANG_WARN_COMMA = YES;
				CLANG_WARN_CONSTANT_CONVERSION = YES;
				CLANG_WARN_DEPRECATED_OBJC_IMPLEMENTATIONS = YES;
				CLANG_WARN_DIRECT_OBJC_ISA_USAGE = YES_ERROR;
				CLANG_WARN_DOCUMENTATION_COMMENTS = YES;
				CLANG_WARN_EMPTY_BODY = YES;
				CLANG_WARN_ENUM_CONVERSION = YES;
				CLANG_WARN_INFINITE_RECURSION = YES;
				CLANG_WARN_INT_CONVERSION = YES;
				CLANG_WARN_NON_LITERAL_NULL_CONVERSION = YES;
				CLANG_WARN_OBJC_IMPLICIT_RETAIN_SELF = YES;
				CLANG_WARN_OBJC_LITERAL_CONVERSION = YES;
				CLANG_WARN_OBJC_ROOT_CLASS = YES_ERROR;
				CLANG_WARN_QUOTED_INCLUDE_IN_FRAMEWORK_HEADER = YES;
				CLANG_WARN_RANGE_LOOP_ANALYSIS = YES;
				CLANG_WARN_STRICT_PROTOTYPES = YES;
				CLANG_WARN_SUSPICIOUS_MOVE = YES;
				CLANG_WARN_UNGUARDED_AVAILABILITY = YES_AGGRESSIVE;
				CLANG_WARN_UNREACHABLE_CODE = YES;
				CLANG_WARN__DUPLICATE_METHOD_MATCH = YES;
				COPY_PHASE_STRIP = NO;
				DEBUG_INFORMATION_FORMAT = dwarf;
				ENABLE_STRICT_OBJC_MSGSEND = YES;
				ENABLE_TESTABILITY = YES;
				GCC_C_LANGUAGE_STANDARD = gnu11;
				GCC_DYNAMIC_NO_PIC = NO;
				GCC_NO_COMMON_BLOCKS = YES;
				GCC_OPTIMIZATION_LEVEL = 0;
				GCC_PREPROCESSOR_DEFINITIONS = (
					"DEBUG=1",
					"$(inherited)",
				);
				GCC_WARN_64_TO_32_BIT_CONVERSION = YES;
				GCC_WARN_ABOUT_RETURN_TYPE = YES_ERROR;
				GCC_WARN_UNDECLARED_SELECTOR = YES;
				GCC_WARN_UNINITIALIZED_AUTOS = YES_AGGRESSIVE;
				GCC_WARN_UNUSED_FUNCTION = YES;
				GCC_WARN_UNUSED_VARIABLE = YES;
				IPHONEOS_DEPLOYMENT_TARGET = 15.5;
				MTL_ENABLE_DEBUG_INFO = INCLUDE_SOURCE;
				MTL_FAST_MATH = YES;
				ONLY_ACTIVE_ARCH = YES;
				SDKROOT = iphoneos;
				SWIFT_ACTIVE_COMPILATION_CONDITIONS = DEBUG;
				SWIFT_OPTIMIZATION_LEVEL = "-Onone";
			};
			name = Debug;
		};
		BD7F6B3B2897C2E10074D9E4 /* Release */ = {
			isa = XCBuildConfiguration;
			buildSettings = {
				ALWAYS_SEARCH_USER_PATHS = NO;
				CLANG_ANALYZER_NONNULL = YES;
				CLANG_ANALYZER_NUMBER_OBJECT_CONVERSION = YES_AGGRESSIVE;
				CLANG_CXX_LANGUAGE_STANDARD = "gnu++17";
				CLANG_ENABLE_MODULES = YES;
				CLANG_ENABLE_OBJC_ARC = YES;
				CLANG_ENABLE_OBJC_WEAK = YES;
				CLANG_WARN_BLOCK_CAPTURE_AUTORELEASING = YES;
				CLANG_WARN_BOOL_CONVERSION = YES;
				CLANG_WARN_COMMA = YES;
				CLANG_WARN_CONSTANT_CONVERSION = YES;
				CLANG_WARN_DEPRECATED_OBJC_IMPLEMENTATIONS = YES;
				CLANG_WARN_DIRECT_OBJC_ISA_USAGE = YES_ERROR;
				CLANG_WARN_DOCUMENTATION_COMMENTS = YES;
				CLANG_WARN_EMPTY_BODY = YES;
				CLANG_WARN_ENUM_CONVERSION = YES;
				CLANG_WARN_INFINITE_RECURSION = YES;
				CLANG_WARN_INT_CONVERSION = YES;
				CLANG_WARN_NON_LITERAL_NULL_CONVERSION = YES;
				CLANG_WARN_OBJC_IMPLICIT_RETAIN_SELF = YES;
				CLANG_WARN_OBJC_LITERAL_CONVERSION = YES;
				CLANG_WARN_OBJC_ROOT_CLASS = YES_ERROR;
				CLANG_WARN_QUOTED_INCLUDE_IN_FRAMEWORK_HEADER = YES;
				CLANG_WARN_RANGE_LOOP_ANALYSIS = YES;
				CLANG_WARN_STRICT_PROTOTYPES = YES;
				CLANG_WARN_SUSPICIOUS_MOVE = YES;
				CLANG_WARN_UNGUARDED_AVAILABILITY = YES_AGGRESSIVE;
				CLANG_WARN_UNREACHABLE_CODE = YES;
				CLANG_WARN__DUPLICATE_METHOD_MATCH = YES;
				COPY_PHASE_STRIP = NO;
				DEBUG_INFORMATION_FORMAT = "dwarf-with-dsym";
				ENABLE_NS_ASSERTIONS = NO;
				ENABLE_STRICT_OBJC_MSGSEND = YES;
				GCC_C_LANGUAGE_STANDARD = gnu11;
				GCC_NO_COMMON_BLOCKS = YES;
				GCC_WARN_64_TO_32_BIT_CONVERSION = YES;
				GCC_WARN_ABOUT_RETURN_TYPE = YES_ERROR;
				GCC_WARN_UNDECLARED_SELECTOR = YES;
				GCC_WARN_UNINITIALIZED_AUTOS = YES_AGGRESSIVE;
				GCC_WARN_UNUSED_FUNCTION = YES;
				GCC_WARN_UNUSED_VARIABLE = YES;
				IPHONEOS_DEPLOYMENT_TARGET = 15.5;
				MTL_ENABLE_DEBUG_INFO = NO;
				MTL_FAST_MATH = YES;
				SDKROOT = iphoneos;
				SWIFT_COMPILATION_MODE = wholemodule;
				SWIFT_OPTIMIZATION_LEVEL = "-O";
				VALIDATE_PRODUCT = YES;
			};
			name = Release;
		};
		BD7F6B3D2897C2E10074D9E4 /* Debug */ = {
			isa = XCBuildConfiguration;
			buildSettings = {
				ASSETCATALOG_COMPILER_APPICON_NAME = AppIcon;
				ASSETCATALOG_COMPILER_GLOBAL_ACCENT_COLOR_NAME = AccentColor;
				CODE_SIGN_STYLE = Automatic;
				CURRENT_PROJECT_VERSION = 1;
				DEVELOPMENT_ASSET_PATHS = "\"SpotifyPlaylist/Preview Content\"";
				DEVELOPMENT_TEAM = HV7TRQD227;
				ENABLE_PREVIEWS = YES;
				GENERATE_INFOPLIST_FILE = YES;
				INFOPLIST_KEY_UIApplicationSceneManifest_Generation = YES;
				INFOPLIST_KEY_UIApplicationSupportsIndirectInputEvents = YES;
				INFOPLIST_KEY_UILaunchScreen_Generation = YES;
				INFOPLIST_KEY_UISupportedInterfaceOrientations_iPad = "UIInterfaceOrientationPortrait UIInterfaceOrientationPortraitUpsideDown UIInterfaceOrientationLandscapeLeft UIInterfaceOrientationLandscapeRight";
				INFOPLIST_KEY_UISupportedInterfaceOrientations_iPhone = "UIInterfaceOrientationPortrait UIInterfaceOrientationLandscapeLeft UIInterfaceOrientationLandscapeRight";
				LD_RUNPATH_SEARCH_PATHS = (
					"$(inherited)",
					"@executable_path/Frameworks",
				);
				MARKETING_VERSION = 1.0;
				PRODUCT_BUNDLE_IDENTIFIER = "Neal-Archival.SpotifyPlaylist";
				PRODUCT_NAME = "$(TARGET_NAME)";
				SWIFT_EMIT_LOC_STRINGS = YES;
				SWIFT_VERSION = 5.0;
				TARGETED_DEVICE_FAMILY = "1,2";
			};
			name = Debug;
		};
		BD7F6B3E2897C2E10074D9E4 /* Release */ = {
			isa = XCBuildConfiguration;
			buildSettings = {
				ASSETCATALOG_COMPILER_APPICON_NAME = AppIcon;
				ASSETCATALOG_COMPILER_GLOBAL_ACCENT_COLOR_NAME = AccentColor;
				CODE_SIGN_STYLE = Automatic;
				CURRENT_PROJECT_VERSION = 1;
				DEVELOPMENT_ASSET_PATHS = "\"SpotifyPlaylist/Preview Content\"";
				DEVELOPMENT_TEAM = HV7TRQD227;
				ENABLE_PREVIEWS = YES;
				GENERATE_INFOPLIST_FILE = YES;
				INFOPLIST_KEY_UIApplicationSceneManifest_Generation = YES;
				INFOPLIST_KEY_UIApplicationSupportsIndirectInputEvents = YES;
				INFOPLIST_KEY_UILaunchScreen_Generation = YES;
				INFOPLIST_KEY_UISupportedInterfaceOrientations_iPad = "UIInterfaceOrientationPortrait UIInterfaceOrientationPortraitUpsideDown UIInterfaceOrientationLandscapeLeft UIInterfaceOrientationLandscapeRight";
				INFOPLIST_KEY_UISupportedInterfaceOrientations_iPhone = "UIInterfaceOrientationPortrait UIInterfaceOrientationLandscapeLeft UIInterfaceOrientationLandscapeRight";
				LD_RUNPATH_SEARCH_PATHS = (
					"$(inherited)",
					"@executable_path/Frameworks",
				);
				MARKETING_VERSION = 1.0;
				PRODUCT_BUNDLE_IDENTIFIER = "Neal-Archival.SpotifyPlaylist";
				PRODUCT_NAME = "$(TARGET_NAME)";
				SWIFT_EMIT_LOC_STRINGS = YES;
				SWIFT_VERSION = 5.0;
				TARGETED_DEVICE_FAMILY = "1,2";
			};
			name = Release;
		};
/* End XCBuildConfiguration section */

/* Begin XCConfigurationList section */
		BD7F6B292897C2E00074D9E4 /* Build configuration list for PBXProject "SpotifyPlaylist" */ = {
			isa = XCConfigurationList;
			buildConfigurations = (
				BD7F6B3A2897C2E10074D9E4 /* Debug */,
				BD7F6B3B2897C2E10074D9E4 /* Release */,
			);
			defaultConfigurationIsVisible = 0;
			defaultConfigurationName = Release;
		};
		BD7F6B3C2897C2E10074D9E4 /* Build configuration list for PBXNativeTarget "SpotifyPlaylist" */ = {
			isa = XCConfigurationList;
			buildConfigurations = (
				BD7F6B3D2897C2E10074D9E4 /* Debug */,
				BD7F6B3E2897C2E10074D9E4 /* Release */,
			);
			defaultConfigurationIsVisible = 0;
			defaultConfigurationName = Release;
		};
/* End XCConfigurationList section */
	};
	rootObject = BD7F6B262897C2E00074D9E4 /* Project object */;
}
